
Microsoft Visual Studio Solution File, Format Version 12.00
# Visual Studio Version 16
VisualStudioVersion = 16.0.32228.343
MinimumVisualStudioVersion = 10.0.40219.1
Project("{FAE04EC0-301F-11D3-BF4B-00C04F79EFBC}") = "DataLayer", "DataLayer\DataLayer.csproj", "{2FC81C7E-A842-421A-9D0F-9C80140EB354}"
EndProject
Project("{FAE04EC0-301F-11D3-BF4B-00C04F79EFBC}") = "BusinessLayer", "BusinessLayer\BusinessLayer.csproj", "{302ABFDC-9DE2-426E-9EE2-DB5D709CD150}"
EndProject
Project("{FAE04EC0-301F-11D3-BF4B-00C04F79EFBC}") = "QLNhanSu", "QLNhanSu\QLNhanSu.csproj", "{3E1A2DEB-803F-4F09-BA0A-400B3000C959}"
EndProject
Global
	GlobalSection(SolutionConfigurationPlatforms) = preSolution
		Debug|Any CPU = Debug|Any CPU
		Release|Any CPU = Release|Any CPU
	EndGlobalSection
	GlobalSection(ProjectConfigurationPlatforms) = postSolution
		{2FC81C7E-A842-421A-9D0F-9C80140EB354}.Debug|Any CPU.ActiveCfg = Debug|Any CPU
		{2FC81C7E-A842-421A-9D0F-9C80140EB354}.Debug|Any CPU.Build.0 = Debug|Any CPU
		{2FC81C7E-A842-421A-9D0F-9C80140EB354}.Release|Any CPU.ActiveCfg = Release|Any CPU
		{2FC81C7E-A842-421A-9D0F-9C80140EB354}.Release|Any CPU.Build.0 = Release|Any CPU
		{302ABFDC-9DE2-426E-9EE2-DB5D709CD150}.Debug|Any CPU.ActiveCfg = Debug|Any CPU
		{302ABFDC-9DE2-426E-9EE2-DB5D709CD150}.Debug|Any CPU.Build.0 = Debug|Any CPU
		{302ABFDC-9DE2-426E-9EE2-DB5D709CD150}.Release|Any CPU.ActiveCfg = Release|Any CPU
		{302ABFDC-9DE2-426E-9EE2-DB5D709CD150}.Release|Any CPU.Build.0 = Release|Any CPU
		{3E1A2DEB-803F-4F09-BA0A-400B3000C959}.Debug|Any CPU.ActiveCfg = Debug|Any CPU
		{3E1A2DEB-803F-4F09-BA0A-400B3000C959}.Debug|Any CPU.Build.0 = Debug|Any CPU
		{3E1A2DEB-803F-4F09-BA0A-400B3000C959}.Release|Any CPU.ActiveCfg = Release|Any CPU
		{3E1A2DEB-803F-4F09-BA0A-400B3000C959}.Release|Any CPU.Build.0 = Release|Any CPU
	EndGlobalSection
	GlobalSection(SolutionProperties) = preSolution
		HideSolutionNode = FALSE
	EndGlobalSection
	GlobalSection(ExtensibilityGlobals) = postSolution
		SolutionGuid = {D050E26E-20E3-4403-A622-6A29208F7E5E}
	EndGlobalSection
EndGlobal
